<?xml version="1.0" encoding="utf-8"?>
<Project ToolsVersion="4.0" xmlns="http://schemas.microsoft.com/developer/msbuild/2003">
  <ItemGroup>
    <ClCompile Include="ConsumerProducerTest.cpp" />
    <ClCompile Include="main.cpp" />
    <ClCompile Include="Packet.cpp" />
    <ClCompile Include="PacketQueue.cpp" />
    <ClCompile Include="Utilities\MutexGuard.cpp">
      <Filter>Utilities</Filter>
    </ClCompile>
    <ClCompile Include="Utilities\StandardAutoResetEvent.cpp">
      <Filter>Utilities</Filter>
    </ClCompile>
    <ClCompile Include="Utilities\StandardMutex.cpp">
      <Filter>Utilities</Filter>
    </ClCompile>
    <ClCompile Include="PacketGenerators\FloatNumberSequenceGenerator.cpp">
      <Filter>PacketGenerators</Filter>
    </ClCompile>
    <ClCompile Include="PacketProcessors\SimpleOutputPacketProcessor.cpp">
      <Filter>PacketProcessors</Filter>
    </ClCompile>
  </ItemGroup>
  <ItemGroup>
    <ClInclude Include="ConsumerProducerTest.h" />
    <ClInclude Include="Packet.h" />
    <ClInclude Include="PacketQueue.h" />
    <ClInclude Include="Utilities\IAmAutoResetEvent.h">
      <Filter>Utilities</Filter>
    </ClInclude>
    <ClInclude Include="Utilities\IAmMutex.h">
      <Filter>Utilities</Filter>
    </ClInclude>
    <ClInclude Include="Utilities\MutexGuard.h">
      <Filter>Utilities</Filter>
    </ClInclude>
    <ClInclude Include="Utilities\StandardAutoResetEvent.h">
      <Filter>Utilities</Filter>
    </ClInclude>
    <ClInclude Include="Utilities\StandardMutex.h">
      <Filter>Utilities</Filter>
    </ClInclude>
    <ClInclude Include="PacketGenerators\IAmPacketGenerator.h">
      <Filter>PacketGenerators</Filter>
    </ClInclude>
    <ClInclude Include="PacketGenerators\FloatNumberSequenceGenerator.h">
      <Filter>PacketGenerators</Filter>
    </ClInclude>
    <ClInclude Include="PacketProcessors\SimpleOutputPacketProcessor.h">
      <Filter>PacketProcessors</Filter>
    </ClInclude>
    <ClInclude Include="PacketProcessors\IAmPacketProcessor.h">
      <Filter>PacketProcessors</Filter>
    </ClInclude>
  </ItemGroup>
  <ItemGroup>
    <Filter Include="Utilities">
      <UniqueIdentifier>{4fe14c8f-7682-4fff-8ff5-d7e42663e688}</UniqueIdentifier>
    </Filter>
    <Filter Include="PacketGenerators">
      <UniqueIdentifier>{38182388-a6a8-44de-8184-dd072288609a}</UniqueIdentifier>
    </Filter>
    <Filter Include="PacketProcessors">
      <UniqueIdentifier>{b75f7695-876a-4a90-bfa4-ff34e3f399ff}</UniqueIdentifier>
    </Filter>
  </ItemGroup>
</Project>